
Microsoft Visual Studio Solution File, Format Version 12.00
# Visual Studio 15
VisualStudioVersion = 15.0.28307.1022
MinimumVisualStudioVersion = 10.0.40219.1
Project("{E24C65DC-7377-472B-9ABA-BC803B73C61A}") = "Online Cafe(1)", ".", "{253132F3-90BD-4902-A0D1-E7452517223C}"
	ProjectSection(WebsiteProperties) = preProject
		TargetFrameworkMoniker = ".NETFramework,Version%3Dv4.5.2"
		Debug.AspNetCompiler.VirtualPath = "/localhost_64424"
		Debug.AspNetCompiler.PhysicalPath = "..\Online Cafe\"
		Debug.AspNetCompiler.TargetPath = "PrecompiledWeb\localhost_64424\"
		Debug.AspNetCompiler.Updateable = "true"
		Debug.AspNetCompiler.ForceOverwrite = "true"
		Debug.AspNetCompiler.FixedNames = "false"
		Debug.AspNetCompiler.Debug = "True"
		Release.AspNetCompiler.VirtualPath = "/localhost_64424"
		Release.AspNetCompiler.PhysicalPath = "..\Online Cafe\"
		Release.AspNetCompiler.TargetPath = "PrecompiledWeb\localhost_64424\"
		Release.AspNetCompiler.Updateable = "true"
		Release.AspNetCompiler.ForceOverwrite = "true"
		Release.AspNetCompiler.FixedNames = "false"
		Release.AspNetCompiler.Debug = "False"
		VWDPort = "64424"
		SlnRelativePath = "..\Online Cafe\"
	EndProjectSection
EndProject
Project("{FAE04EC0-301F-11D3-BF4B-00C04F79EFBC}") = "OnlineCafeClassLibrary", "..\OnlineCafeClassLibrary\OnlineCafeClassLibrary.csproj", "{1B93F2E2-B7FB-4A52-B9BC-13708D569420}"
EndProject
Project("{FAE04EC0-301F-11D3-BF4B-00C04F79EFBC}") = "Test_FrameWork", "OnlineCafe\Test_FrameWork.csproj", "{73E5B423-265A-4314-BCEC-0992D4A43A48}"
EndProject
Global
	GlobalSection(SolutionConfigurationPlatforms) = preSolution
		Debug|Any CPU = Debug|Any CPU
		Release|Any CPU = Release|Any CPU
	EndGlobalSection
	GlobalSection(ProjectConfigurationPlatforms) = postSolution
		{253132F3-90BD-4902-A0D1-E7452517223C}.Debug|Any CPU.ActiveCfg = Debug|Any CPU
		{253132F3-90BD-4902-A0D1-E7452517223C}.Debug|Any CPU.Build.0 = Debug|Any CPU
		{253132F3-90BD-4902-A0D1-E7452517223C}.Release|Any CPU.ActiveCfg = Debug|Any CPU
		{253132F3-90BD-4902-A0D1-E7452517223C}.Release|Any CPU.Build.0 = Debug|Any CPU
		{1B93F2E2-B7FB-4A52-B9BC-13708D569420}.Debug|Any CPU.ActiveCfg = Debug|Any CPU
		{1B93F2E2-B7FB-4A52-B9BC-13708D569420}.Debug|Any CPU.Build.0 = Debug|Any CPU
		{1B93F2E2-B7FB-4A52-B9BC-13708D569420}.Release|Any CPU.ActiveCfg = Release|Any CPU
		{1B93F2E2-B7FB-4A52-B9BC-13708D569420}.Release|Any CPU.Build.0 = Release|Any CPU
		{73E5B423-265A-4314-BCEC-0992D4A43A48}.Debug|Any CPU.ActiveCfg = Debug|Any CPU
		{73E5B423-265A-4314-BCEC-0992D4A43A48}.Debug|Any CPU.Build.0 = Debug|Any CPU
		{73E5B423-265A-4314-BCEC-0992D4A43A48}.Release|Any CPU.ActiveCfg = Release|Any CPU
		{73E5B423-265A-4314-BCEC-0992D4A43A48}.Release|Any CPU.Build.0 = Release|Any CPU
	EndGlobalSection
	GlobalSection(SolutionProperties) = preSolution
		HideSolutionNode = FALSE
	EndGlobalSection
	GlobalSection(ExtensibilityGlobals) = postSolution
		SolutionGuid = {64C641C3-48C8-4891-921A-1337C87B6EE1}
	EndGlobalSection
EndGlobal
